
Microsoft Visual Studio Solution File, Format Version 12.00
# Visual Studio 14
VisualStudioVersion = 14.0.25123.0
MinimumVisualStudioVersion = 10.0.40219.1
Project("{A07B5EB6-E848-4116-A8D0-A826331D98C6}") = "Gerrymander.ServiceFabric", "Gerrymander.ServiceFabric\Gerrymander.ServiceFabric.sfproj", "{B3220CC4-6DA4-41EE-8006-4D3132567AAA}"
EndProject
Project("{FAE04EC0-301F-11D3-BF4B-00C04F79EFBC}") = "Gerrymander.ServiceFabric.VotingApi", "Gerrymander.ServiceFabric.VotingApi\Gerrymander.ServiceFabric.VotingApi.csproj", "{7874BC3B-3871-4D76-8455-FB061DAF3AFD}"
EndProject
Project("{FAE04EC0-301F-11D3-BF4B-00C04F79EFBC}") = "Gerrymander.VoteGenerator", "Gerrymander.VoteGenerator\Gerrymander.VoteGenerator.csproj", "{F05B8BD5-2275-4DA7-86EE-6FF22587E596}"
EndProject
Project("{FAE04EC0-301F-11D3-BF4B-00C04F79EFBC}") = "Gerrymander.Common", "Gerrymander.Common\Gerrymander.Common.csproj", "{05AEEFA5-1267-49A1-9755-0C4C2CF35209}"
EndProject
Project("{FAE04EC0-301F-11D3-BF4B-00C04F79EFBC}") = "Gerrymander.VotingApp", "Gerrymander.VotingApp\Gerrymander.VotingApp.csproj", "{F6B50DEF-B320-4D6D-B9CE-672E6260E598}"
EndProject
Project("{FAE04EC0-301F-11D3-BF4B-00C04F79EFBC}") = "Gerrymander.Bot", "Gerrymander.Bot\Gerrymander.Bot.csproj", "{A8BA1066-5695-4D71-ABB4-65E5A5E0C3D4}"
EndProject
Project("{FAE04EC0-301F-11D3-BF4B-00C04F79EFBC}") = "Gerrymander.ServiceFabric.BallotBoxActor", "Gerrymander.ServiceFabric.BallotBoxActor\Gerrymander.ServiceFabric.BallotBoxActor.csproj", "{7519AF23-80E2-4AB0-8F74-F25C4B82859B}"
EndProject
Project("{FAE04EC0-301F-11D3-BF4B-00C04F79EFBC}") = "Gerrymander.ServiceFabric.BallotBoxActor.Interfaces", "Gerrymander.ServiceFabric.BallotBoxActor.Interfaces\Gerrymander.ServiceFabric.BallotBoxActor.Interfaces.csproj", "{74303127-0C51-47A5-A244-FF13E7F09847}"
EndProject
Global
	GlobalSection(SolutionConfigurationPlatforms) = preSolution
		Debug|Any CPU = Debug|Any CPU
		Debug|ARM = Debug|ARM
		Debug|x64 = Debug|x64
		Debug|x86 = Debug|x86
		Release|Any CPU = Release|Any CPU
		Release|ARM = Release|ARM
		Release|x64 = Release|x64
		Release|x86 = Release|x86
	EndGlobalSection
	GlobalSection(ProjectConfigurationPlatforms) = postSolution
		{B3220CC4-6DA4-41EE-8006-4D3132567AAA}.Debug|Any CPU.ActiveCfg = Debug|x64
		{B3220CC4-6DA4-41EE-8006-4D3132567AAA}.Debug|ARM.ActiveCfg = Debug|x64
		{B3220CC4-6DA4-41EE-8006-4D3132567AAA}.Debug|x64.ActiveCfg = Debug|x64
		{B3220CC4-6DA4-41EE-8006-4D3132567AAA}.Debug|x64.Build.0 = Debug|x64
		{B3220CC4-6DA4-41EE-8006-4D3132567AAA}.Debug|x64.Deploy.0 = Debug|x64
		{B3220CC4-6DA4-41EE-8006-4D3132567AAA}.Debug|x86.ActiveCfg = Debug|x64
		{B3220CC4-6DA4-41EE-8006-4D3132567AAA}.Release|Any CPU.ActiveCfg = Release|x64
		{B3220CC4-6DA4-41EE-8006-4D3132567AAA}.Release|ARM.ActiveCfg = Release|x64
		{B3220CC4-6DA4-41EE-8006-4D3132567AAA}.Release|x64.ActiveCfg = Release|x64
		{B3220CC4-6DA4-41EE-8006-4D3132567AAA}.Release|x64.Build.0 = Release|x64
		{B3220CC4-6DA4-41EE-8006-4D3132567AAA}.Release|x64.Deploy.0 = Release|x64
		{B3220CC4-6DA4-41EE-8006-4D3132567AAA}.Release|x86.ActiveCfg = Release|x64
		{7874BC3B-3871-4D76-8455-FB061DAF3AFD}.Debug|Any CPU.ActiveCfg = Debug|x64
		{7874BC3B-3871-4D76-8455-FB061DAF3AFD}.Debug|ARM.ActiveCfg = Debug|x64
		{7874BC3B-3871-4D76-8455-FB061DAF3AFD}.Debug|x64.ActiveCfg = Debug|x64
		{7874BC3B-3871-4D76-8455-FB061DAF3AFD}.Debug|x64.Build.0 = Debug|x64
		{7874BC3B-3871-4D76-8455-FB061DAF3AFD}.Debug|x86.ActiveCfg = Debug|x64
		{7874BC3B-3871-4D76-8455-FB061DAF3AFD}.Release|Any CPU.ActiveCfg = Release|x64
		{7874BC3B-3871-4D76-8455-FB061DAF3AFD}.Release|ARM.ActiveCfg = Release|x64
		{7874BC3B-3871-4D76-8455-FB061DAF3AFD}.Release|x64.ActiveCfg = Release|x64
		{7874BC3B-3871-4D76-8455-FB061DAF3AFD}.Release|x64.Build.0 = Release|x64
		{7874BC3B-3871-4D76-8455-FB061DAF3AFD}.Release|x86.ActiveCfg = Release|x64
		{F05B8BD5-2275-4DA7-86EE-6FF22587E596}.Debug|Any CPU.ActiveCfg = Debug|Any CPU
		{F05B8BD5-2275-4DA7-86EE-6FF22587E596}.Debug|Any CPU.Build.0 = Debug|Any CPU
		{F05B8BD5-2275-4DA7-86EE-6FF22587E596}.Debug|ARM.ActiveCfg = Debug|Any CPU
		{F05B8BD5-2275-4DA7-86EE-6FF22587E596}.Debug|ARM.Build.0 = Debug|Any CPU
		{F05B8BD5-2275-4DA7-86EE-6FF22587E596}.Debug|x64.ActiveCfg = Debug|Any CPU
		{F05B8BD5-2275-4DA7-86EE-6FF22587E596}.Debug|x64.Build.0 = Debug|Any CPU
		{F05B8BD5-2275-4DA7-86EE-6FF22587E596}.Debug|x86.ActiveCfg = Debug|Any CPU
		{F05B8BD5-2275-4DA7-86EE-6FF22587E596}.Debug|x86.Build.0 = Debug|Any CPU
		{F05B8BD5-2275-4DA7-86EE-6FF22587E596}.Release|Any CPU.ActiveCfg = Release|Any CPU
		{F05B8BD5-2275-4DA7-86EE-6FF22587E596}.Release|Any CPU.Build.0 = Release|Any CPU
		{F05B8BD5-2275-4DA7-86EE-6FF22587E596}.Release|ARM.ActiveCfg = Release|Any CPU
		{F05B8BD5-2275-4DA7-86EE-6FF22587E596}.Release|ARM.Build.0 = Release|Any CPU
		{F05B8BD5-2275-4DA7-86EE-6FF22587E596}.Release|x64.ActiveCfg = Release|Any CPU
		{F05B8BD5-2275-4DA7-86EE-6FF22587E596}.Release|x64.Build.0 = Release|Any CPU
		{F05B8BD5-2275-4DA7-86EE-6FF22587E596}.Release|x86.ActiveCfg = Release|Any CPU
		{F05B8BD5-2275-4DA7-86EE-6FF22587E596}.Release|x86.Build.0 = Release|Any CPU
		{05AEEFA5-1267-49A1-9755-0C4C2CF35209}.Debug|Any CPU.ActiveCfg = Debug|Any CPU
		{05AEEFA5-1267-49A1-9755-0C4C2CF35209}.Debug|Any CPU.Build.0 = Debug|Any CPU
		{05AEEFA5-1267-49A1-9755-0C4C2CF35209}.Debug|ARM.ActiveCfg = Debug|Any CPU
		{05AEEFA5-1267-49A1-9755-0C4C2CF35209}.Debug|ARM.Build.0 = Debug|Any CPU
		{05AEEFA5-1267-49A1-9755-0C4C2CF35209}.Debug|x64.ActiveCfg = Debug|Any CPU
		{05AEEFA5-1267-49A1-9755-0C4C2CF35209}.Debug|x64.Build.0 = Debug|Any CPU
		{05AEEFA5-1267-49A1-9755-0C4C2CF35209}.Debug|x86.ActiveCfg = Debug|Any CPU
		{05AEEFA5-1267-49A1-9755-0C4C2CF35209}.Debug|x86.Build.0 = Debug|Any CPU
		{05AEEFA5-1267-49A1-9755-0C4C2CF35209}.Release|Any CPU.ActiveCfg = Release|Any CPU
		{05AEEFA5-1267-49A1-9755-0C4C2CF35209}.Release|Any CPU.Build.0 = Release|Any CPU
		{05AEEFA5-1267-49A1-9755-0C4C2CF35209}.Release|ARM.ActiveCfg = Release|Any CPU
		{05AEEFA5-1267-49A1-9755-0C4C2CF35209}.Release|ARM.Build.0 = Release|Any CPU
		{05AEEFA5-1267-49A1-9755-0C4C2CF35209}.Release|x64.ActiveCfg = Release|Any CPU
		{05AEEFA5-1267-49A1-9755-0C4C2CF35209}.Release|x64.Build.0 = Release|Any CPU
		{05AEEFA5-1267-49A1-9755-0C4C2CF35209}.Release|x86.ActiveCfg = Release|Any CPU
		{05AEEFA5-1267-49A1-9755-0C4C2CF35209}.Release|x86.Build.0 = Release|Any CPU
		{F6B50DEF-B320-4D6D-B9CE-672E6260E598}.Debug|Any CPU.ActiveCfg = Debug|x86
		{F6B50DEF-B320-4D6D-B9CE-672E6260E598}.Debug|ARM.ActiveCfg = Debug|ARM
		{F6B50DEF-B320-4D6D-B9CE-672E6260E598}.Debug|ARM.Build.0 = Debug|ARM
		{F6B50DEF-B320-4D6D-B9CE-672E6260E598}.Debug|ARM.Deploy.0 = Debug|ARM
		{F6B50DEF-B320-4D6D-B9CE-672E6260E598}.Debug|x64.ActiveCfg = Debug|x64
		{F6B50DEF-B320-4D6D-B9CE-672E6260E598}.Debug|x64.Build.0 = Debug|x64
		{F6B50DEF-B320-4D6D-B9CE-672E6260E598}.Debug|x64.Deploy.0 = Debug|x64
		{F6B50DEF-B320-4D6D-B9CE-672E6260E598}.Debug|x86.ActiveCfg = Debug|x86
		{F6B50DEF-B320-4D6D-B9CE-672E6260E598}.Debug|x86.Build.0 = Debug|x86
		{F6B50DEF-B320-4D6D-B9CE-672E6260E598}.Debug|x86.Deploy.0 = Debug|x86
		{F6B50DEF-B320-4D6D-B9CE-672E6260E598}.Release|Any CPU.ActiveCfg = Release|x86
		{F6B50DEF-B320-4D6D-B9CE-672E6260E598}.Release|ARM.ActiveCfg = Release|ARM
		{F6B50DEF-B320-4D6D-B9CE-672E6260E598}.Release|ARM.Build.0 = Release|ARM
		{F6B50DEF-B320-4D6D-B9CE-672E6260E598}.Release|ARM.Deploy.0 = Release|ARM
		{F6B50DEF-B320-4D6D-B9CE-672E6260E598}.Release|x64.ActiveCfg = Release|x64
		{F6B50DEF-B320-4D6D-B9CE-672E6260E598}.Release|x64.Build.0 = Release|x64
		{F6B50DEF-B320-4D6D-B9CE-672E6260E598}.Release|x64.Deploy.0 = Release|x64
		{F6B50DEF-B320-4D6D-B9CE-672E6260E598}.Release|x86.ActiveCfg = Release|x86
		{F6B50DEF-B320-4D6D-B9CE-672E6260E598}.Release|x86.Build.0 = Release|x86
		{F6B50DEF-B320-4D6D-B9CE-672E6260E598}.Release|x86.Deploy.0 = Release|x86
		{A8BA1066-5695-4D71-ABB4-65E5A5E0C3D4}.Debug|Any CPU.ActiveCfg = Debug|Any CPU
		{A8BA1066-5695-4D71-ABB4-65E5A5E0C3D4}.Debug|Any CPU.Build.0 = Debug|Any CPU
		{A8BA1066-5695-4D71-ABB4-65E5A5E0C3D4}.Debug|ARM.ActiveCfg = Debug|Any CPU
		{A8BA1066-5695-4D71-ABB4-65E5A5E0C3D4}.Debug|ARM.Build.0 = Debug|Any CPU
		{A8BA1066-5695-4D71-ABB4-65E5A5E0C3D4}.Debug|x64.ActiveCfg = Debug|Any CPU
		{A8BA1066-5695-4D71-ABB4-65E5A5E0C3D4}.Debug|x64.Build.0 = Debug|Any CPU
		{A8BA1066-5695-4D71-ABB4-65E5A5E0C3D4}.Debug|x86.ActiveCfg = Debug|Any CPU
		{A8BA1066-5695-4D71-ABB4-65E5A5E0C3D4}.Debug|x86.Build.0 = Debug|Any CPU
		{A8BA1066-5695-4D71-ABB4-65E5A5E0C3D4}.Release|Any CPU.ActiveCfg = Release|Any CPU
		{A8BA1066-5695-4D71-ABB4-65E5A5E0C3D4}.Release|Any CPU.Build.0 = Release|Any CPU
		{A8BA1066-5695-4D71-ABB4-65E5A5E0C3D4}.Release|ARM.ActiveCfg = Release|Any CPU
		{A8BA1066-5695-4D71-ABB4-65E5A5E0C3D4}.Release|ARM.Build.0 = Release|Any CPU
		{A8BA1066-5695-4D71-ABB4-65E5A5E0C3D4}.Release|x64.ActiveCfg = Release|Any CPU
		{A8BA1066-5695-4D71-ABB4-65E5A5E0C3D4}.Release|x64.Build.0 = Release|Any CPU
		{A8BA1066-5695-4D71-ABB4-65E5A5E0C3D4}.Release|x86.ActiveCfg = Release|Any CPU
		{A8BA1066-5695-4D71-ABB4-65E5A5E0C3D4}.Release|x86.Build.0 = Release|Any CPU
		{7519AF23-80E2-4AB0-8F74-F25C4B82859B}.Debug|Any CPU.ActiveCfg = Debug|x64
		{7519AF23-80E2-4AB0-8F74-F25C4B82859B}.Debug|ARM.ActiveCfg = Debug|x64
		{7519AF23-80E2-4AB0-8F74-F25C4B82859B}.Debug|x64.ActiveCfg = Debug|x64
		{7519AF23-80E2-4AB0-8F74-F25C4B82859B}.Debug|x64.Build.0 = Debug|x64
		{7519AF23-80E2-4AB0-8F74-F25C4B82859B}.Debug|x86.ActiveCfg = Debug|x64
		{7519AF23-80E2-4AB0-8F74-F25C4B82859B}.Release|Any CPU.ActiveCfg = Release|x64
		{7519AF23-80E2-4AB0-8F74-F25C4B82859B}.Release|ARM.ActiveCfg = Release|x64
		{7519AF23-80E2-4AB0-8F74-F25C4B82859B}.Release|x64.ActiveCfg = Release|x64
		{7519AF23-80E2-4AB0-8F74-F25C4B82859B}.Release|x64.Build.0 = Release|x64
		{7519AF23-80E2-4AB0-8F74-F25C4B82859B}.Release|x86.ActiveCfg = Release|x64
		{74303127-0C51-47A5-A244-FF13E7F09847}.Debug|Any CPU.ActiveCfg = Debug|x64
		{74303127-0C51-47A5-A244-FF13E7F09847}.Debug|ARM.ActiveCfg = Debug|x64
		{74303127-0C51-47A5-A244-FF13E7F09847}.Debug|x64.ActiveCfg = Debug|x64
		{74303127-0C51-47A5-A244-FF13E7F09847}.Debug|x64.Build.0 = Debug|x64
		{74303127-0C51-47A5-A244-FF13E7F09847}.Debug|x86.ActiveCfg = Debug|x64
		{74303127-0C51-47A5-A244-FF13E7F09847}.Release|Any CPU.ActiveCfg = Release|x64
		{74303127-0C51-47A5-A244-FF13E7F09847}.Release|ARM.ActiveCfg = Release|x64
		{74303127-0C51-47A5-A244-FF13E7F09847}.Release|x64.ActiveCfg = Release|x64
		{74303127-0C51-47A5-A244-FF13E7F09847}.Release|x64.Build.0 = Release|x64
		{74303127-0C51-47A5-A244-FF13E7F09847}.Release|x86.ActiveCfg = Release|x64
	EndGlobalSection
	GlobalSection(SolutionProperties) = preSolution
		HideSolutionNode = FALSE
	EndGlobalSection
EndGlobal
